
Microsoft Visual Studio Solution File, Format Version 12.00
# Visual Studio Version 17
VisualStudioVersion = 17.0.31919.166
MinimumVisualStudioVersion = 10.0.40219.1
Project("{FAE04EC0-301F-11D3-BF4B-00C04F79EFBC}") = "RomanCodingDecoding", "RomanCodingDecoding\RomanCodingDecoding.csproj", "{4C7FBCBD-55ED-450F-99D7-E50E5F03D967}"
EndProject
Global
	GlobalSection(SolutionConfigurationPlatforms) = preSolution
		Debug|Any CPU = Debug|Any CPU
		Release|Any CPU = Release|Any CPU
	EndGlobalSection
	GlobalSection(ProjectConfigurationPlatforms) = postSolution
		{4C7FBCBD-55ED-450F-99D7-E50E5F03D967}.Debug|Any CPU.ActiveCfg = Debug|Any CPU
		{4C7FBCBD-55ED-450F-99D7-E50E5F03D967}.Debug|Any CPU.Build.0 = Debug|Any CPU
		{4C7FBCBD-55ED-450F-99D7-E50E5F03D967}.Release|Any CPU.ActiveCfg = Release|Any CPU
		{4C7FBCBD-55ED-450F-99D7-E50E5F03D967}.Release|Any CPU.Build.0 = Release|Any CPU
	EndGlobalSection
	GlobalSection(SolutionProperties) = preSolution
		HideSolutionNode = FALSE
	EndGlobalSection
	GlobalSection(ExtensibilityGlobals) = postSolution
		SolutionGuid = {A21CEC0E-7629-4F42-B817-4FB2326813D3}
	EndGlobalSection
EndGlobal
